<?xml version="1.0" encoding="utf-8"?>
<Project ToolsVersion="4.0" xmlns="http://schemas.microsoft.com/developer/msbuild/2003">
  <ItemGroup>
    <Filter Include="资源文件">
      <UniqueIdentifier>{67DA6AB6-F800-4c08-8B7A-83BB121AAD01}</UniqueIdentifier>
      <Extensions>rc;ico;cur;bmp;dlg;rc2;rct;bin;rgs;gif;jpg;jpeg;jpe;resx;tiff;tif;png;wav;mfcribbon-ms</Extensions>
    </Filter>
    <Filter Include="源文件">
      <UniqueIdentifier>{4FC737F1-C7A5-4376-A066-2A32D752A2FF}</UniqueIdentifier>
      <Extensions>cpp;c;cc;cxx;def;odl;idl;hpj;bat;asm;asmx</Extensions>
    </Filter>
    <Filter Include="头文件">
      <UniqueIdentifier>{93995380-89BD-4b04-88EB-625FBE52EBFB}</UniqueIdentifier>
      <Extensions>h;hh;hpp;hxx;hm;inl;inc;xsd</Extensions>
    </Filter>
  </ItemGroup>
  <ItemGroup>
    <ClCompile Include="stitch_demo.cc">
      <Filter>源文件</Filter>
    </ClCompile>
    <ClCompile Include="pano_transform.cc">
      <Filter>源文件</Filter>
    </ClCompile>
    <ClCompile Include="pano_script.cc">
      <Filter>源文件</Filter>
    </ClCompile>
    <ClCompile Include="pano_remap.cc">
      <Filter>源文件</Filter>
    </ClCompile>
    <ClCompile Include="pano_blend.cc">
      <Filter>源文件</Filter>
    </ClCompile>
    <ClCompile Include="mvc_blend.cc">
      <Filter>源文件</Filter>
    </ClCompile>
    <ClCompile Include="mvc_blend_demo.cc">
      <Filter>源文件</Filter>
    </ClCompile>
    <ClCompile Include="mbb_blend.cc">
      <Filter>源文件</Filter>
    </ClCompile>
  </ItemGroup>
  <ItemGroup>
    <ClInclude Include="pano_transform.h">
      <Filter>头文件</Filter>
    </ClInclude>
    <ClInclude Include="pano_script.h">
      <Filter>头文件</Filter>
    </ClInclude>
    <ClInclude Include="pano_common.h">
      <Filter>头文件</Filter>
    </ClInclude>
    <ClInclude Include="pano_remap.h">
      <Filter>头文件</Filter>
    </ClInclude>
    <ClInclude Include="pano_stitch.h">
      <Filter>头文件</Filter>
    </ClInclude>
    <ClInclude Include="pano_blend.h">
      <Filter>头文件</Filter>
    </ClInclude>
    <ClInclude Include="mvc_blend.h">
      <Filter>头文件</Filter>
    </ClInclude>
    <ClInclude Include="mbb_blend.h">
      <Filter>头文件</Filter>
    </ClInclude>
  </ItemGroup>
  <ItemGroup>
    <CudaCompile Include="mvc_blend.cu" />
    <CudaCompile Include="mbb_blend.cu" />
  </ItemGroup>
</Project>